// !$*UTF8*$!
{
	archiveVersion = 1;
	classes = {
	};
	objectVersion = 50;
	objects = {

/* Begin PBXBuildFile section */
		72B7518A22A28D6500DFD741 /* main.cpp in Sources */ = {isa = PBXBuildFile; fileRef = 72B7518922A28D6500DFD741 /* main.cpp */; };
		72B751A022A2907200DFD741 /* fgrade.cpp in Sources */ = {isa = PBXBuildFile; fileRef = 72B7519E22A2907100DFD741 /* fgrade.cpp */; };
		72B751A322A291FB00DFD741 /* extract_fails.cpp in Sources */ = {isa = PBXBuildFile; fileRef = 72B751A222A291FB00DFD741 /* extract_fails.cpp */; };
		72B751AC22A297A400DFD741 /* square.cpp in Sources */ = {isa = PBXBuildFile; fileRef = 72B751A422A297A400DFD741 /* square.cpp */; };
		72B751AD22A297A400DFD741 /* Student_info.cpp in Sources */ = {isa = PBXBuildFile; fileRef = 72B751A822A297A400DFD741 /* Student_info.cpp */; };
		72B751AE22A297A400DFD741 /* grade.cpp in Sources */ = {isa = PBXBuildFile; fileRef = 72B751A922A297A400DFD741 /* grade.cpp */; };
		72B751AF22A297A400DFD741 /* median.cpp in Sources */ = {isa = PBXBuildFile; fileRef = 72B751AB22A297A400DFD741 /* median.cpp */; };
/* End PBXBuildFile section */

/* Begin PBXCopyFilesBuildPhase section */
		72B7518422A28D6500DFD741 /* CopyFiles */ = {
			isa = PBXCopyFilesBuildPhase;
			buildActionMask = 2147483647;
			dstPath = /usr/share/man/man1/;
			dstSubfolderSpec = 0;
			files = (
			);
			runOnlyForDeploymentPostprocessing = 1;
		};
/* End PBXCopyFilesBuildPhase section */

/* Begin PBXFileReference section */
		72B7518622A28D6500DFD741 /* ex5-0 */ = {isa = PBXFileReference; explicitFileType = "compiled.mach-o.executable"; includeInIndex = 0; path = "ex5-0"; sourceTree = BUILT_PRODUCTS_DIR; };
		72B7518922A28D6500DFD741 /* main.cpp */ = {isa = PBXFileReference; lastKnownFileType = sourcecode.cpp.cpp; path = main.cpp; sourceTree = "<group>"; };
		72B7519D22A2904200DFD741 /* fgrade.h */ = {isa = PBXFileReference; lastKnownFileType = sourcecode.c.h; path = fgrade.h; sourceTree = "<group>"; };
		72B7519E22A2907100DFD741 /* fgrade.cpp */ = {isa = PBXFileReference; lastKnownFileType = sourcecode.cpp.cpp; path = fgrade.cpp; sourceTree = "<group>"; };
		72B751A122A291A500DFD741 /* extract_fails.h */ = {isa = PBXFileReference; lastKnownFileType = sourcecode.c.h; path = extract_fails.h; sourceTree = "<group>"; };
		72B751A222A291FB00DFD741 /* extract_fails.cpp */ = {isa = PBXFileReference; lastKnownFileType = sourcecode.cpp.cpp; path = extract_fails.cpp; sourceTree = "<group>"; };
		72B751A422A297A400DFD741 /* square.cpp */ = {isa = PBXFileReference; fileEncoding = 4; lastKnownFileType = sourcecode.cpp.cpp; path = square.cpp; sourceTree = "<group>"; };
		72B751A522A297A400DFD741 /* Student_info.h */ = {isa = PBXFileReference; fileEncoding = 4; lastKnownFileType = sourcecode.c.h; path = Student_info.h; sourceTree = "<group>"; };
		72B751A622A297A400DFD741 /* grade.h */ = {isa = PBXFileReference; fileEncoding = 4; lastKnownFileType = sourcecode.c.h; path = grade.h; sourceTree = "<group>"; };
		72B751A722A297A400DFD741 /* median.h */ = {isa = PBXFileReference; fileEncoding = 4; lastKnownFileType = sourcecode.c.h; path = median.h; sourceTree = "<group>"; };
		72B751A822A297A400DFD741 /* Student_info.cpp */ = {isa = PBXFileReference; fileEncoding = 4; lastKnownFileType = sourcecode.cpp.cpp; path = Student_info.cpp; sourceTree = "<group>"; };
		72B751A922A297A400DFD741 /* grade.cpp */ = {isa = PBXFileReference; fileEncoding = 4; lastKnownFileType = sourcecode.cpp.cpp; path = grade.cpp; sourceTree = "<group>"; };
		72B751AA22A297A400DFD741 /* square.h */ = {isa = PBXFileReference; fileEncoding = 4; lastKnownFileType = sourcecode.c.h; path = square.h; sourceTree = "<group>"; };
		72B751AB22A297A400DFD741 /* median.cpp */ = {isa = PBXFileReference; fileEncoding = 4; lastKnownFileType = sourcecode.cpp.cpp; path = median.cpp; sourceTree = "<group>"; };
/* End PBXFileReference section */

/* Begin PBXFrameworksBuildPhase section */
		72B7518322A28D6500DFD741 /* Frameworks */ = {
			isa = PBXFrameworksBuildPhase;
			buildActionMask = 2147483647;
			files = (
			);
			runOnlyForDeploymentPostprocessing = 0;
		};
/* End PBXFrameworksBuildPhase section */

/* Begin PBXGroup section */
		72B7517D22A28D6500DFD741 = {
			isa = PBXGroup;
			children = (
				72B7518822A28D6500DFD741 /* ex5-0 */,
				72B7518722A28D6500DFD741 /* Products */,
			);
			sourceTree = "<group>";
		};
		72B7518722A28D6500DFD741 /* Products */ = {
			isa = PBXGroup;
			children = (
				72B7518622A28D6500DFD741 /* ex5-0 */,
			);
			name = Products;
			sourceTree = "<group>";
		};
		72B7518822A28D6500DFD741 /* ex5-0 */ = {
			isa = PBXGroup;
			children = (
				72B751A922A297A400DFD741 /* grade.cpp */,
				72B751A622A297A400DFD741 /* grade.h */,
				72B751AB22A297A400DFD741 /* median.cpp */,
				72B751A722A297A400DFD741 /* median.h */,
				72B751A422A297A400DFD741 /* square.cpp */,
				72B751AA22A297A400DFD741 /* square.h */,
				72B751A822A297A400DFD741 /* Student_info.cpp */,
				72B751A522A297A400DFD741 /* Student_info.h */,
				72B7519D22A2904200DFD741 /* fgrade.h */,
				72B7519E22A2907100DFD741 /* fgrade.cpp */,
				72B7518922A28D6500DFD741 /* main.cpp */,
				72B751A122A291A500DFD741 /* extract_fails.h */,
				72B751A222A291FB00DFD741 /* extract_fails.cpp */,
			);
			path = "ex5-0";
			sourceTree = "<group>";
		};
/* End PBXGroup section */

/* Begin PBXNativeTarget section */
		72B7518522A28D6500DFD741 /* ex5-0 */ = {
			isa = PBXNativeTarget;
			buildConfigurationList = 72B7518D22A28D6500DFD741 /* Build configuration list for PBXNativeTarget "ex5-0" */;
			buildPhases = (
				72B7518222A28D6500DFD741 /* Sources */,
				72B7518322A28D6500DFD741 /* Frameworks */,
				72B7518422A28D6500DFD741 /* CopyFiles */,
			);
			buildRules = (
			);
			dependencies = (
			);
			name = "ex5-0";
			productName = "ex5-0";
			productReference = 72B7518622A28D6500DFD741 /* ex5-0 */;
			productType = "com.apple.product-type.tool";
		};
/* End PBXNativeTarget section */

/* Begin PBXProject section */
		72B7517E22A28D6500DFD741 /* Project object */ = {
			isa = PBXProject;
			attributes = {
				LastUpgradeCheck = 1020;
				ORGANIZATIONNAME = "Matteo Girardi (MTGI)";
				TargetAttributes = {
					72B7518522A28D6500DFD741 = {
						CreatedOnToolsVersion = 10.2.1;
					};
				};
			};
			buildConfigurationList = 72B7518122A28D6500DFD741 /* Build configuration list for PBXProject "ex5-0" */;
			compatibilityVersion = "Xcode 9.3";
			developmentRegion = en;
			hasScannedForEncodings = 0;
			knownRegions = (
				en,
			);
			mainGroup = 72B7517D22A28D6500DFD741;
			productRefGroup = 72B7518722A28D6500DFD741 /* Products */;
			projectDirPath = "";
			projectRoot = "";
			targets = (
				72B7518522A28D6500DFD741 /* ex5-0 */,
			);
		};
/* End PBXProject section */

/* Begin PBXSourcesBuildPhase section */
		72B7518222A28D6500DFD741 /* Sources */ = {
			isa = PBXSourcesBuildPhase;
			buildActionMask = 2147483647;
			files = (
				72B751AC22A297A400DFD741 /* square.cpp in Sources */,
				72B751AD22A297A400DFD741 /* Student_info.cpp in Sources */,
				72B751A022A2907200DFD741 /* fgrade.cpp in Sources */,
				72B751AE22A297A400DFD741 /* grade.cpp in Sources */,
				72B751AF22A297A400DFD741 /* median.cpp in Sources */,
				72B7518A22A28D6500DFD741 /* main.cpp in Sources */,
				72B751A322A291FB00DFD741 /* extract_fails.cpp in Sources */,
			);
			runOnlyForDeploymentPostprocessing = 0;
		};
/* End PBXSourcesBuildPhase section */

/* Begin XCBuildConfiguration section */
		72B7518B22A28D6500DFD741 /* Debug */ = {
			isa = XCBuildConfiguration;
			buildSettings = {
				ALWAYS_SEARCH_USER_PATHS = NO;
				CLANG_ANALYZER_NONNULL = YES;
				CLANG_ANALYZER_NUMBER_OBJECT_CONVERSION = YES_AGGRESSIVE;
				CLANG_CXX_LANGUAGE_STANDARD = "gnu++14";
				CLANG_CXX_LIBRARY = "libc++";
				CLANG_ENABLE_MODULES = YES;
				CLANG_ENABLE_OBJC_ARC = YES;
				CLANG_ENABLE_OBJC_WEAK = YES;
				CLANG_WARN_BLOCK_CAPTURE_AUTORELEASING = YES;
				CLANG_WARN_BOOL_CONVERSION = YES;
				CLANG_WARN_COMMA = YES;
				CLANG_WARN_CONSTANT_CONVERSION = YES;
				CLANG_WARN_DEPRECATED_OBJC_IMPLEMENTATIONS = YES;
				CLANG_WARN_DIRECT_OBJC_ISA_USAGE = YES_ERROR;
				CLANG_WARN_DOCUMENTATION_COMMENTS = YES;
				CLANG_WARN_EMPTY_BODY = YES;
				CLANG_WARN_ENUM_CONVERSION = YES;
				CLANG_WARN_INFINITE_RECURSION = YES;
				CLANG_WARN_INT_CONVERSION = YES;
				CLANG_WARN_NON_LITERAL_NULL_CONVERSION = YES;
				CLANG_WARN_OBJC_IMPLICIT_RETAIN_SELF = YES;
				CLANG_WARN_OBJC_LITERAL_CONVERSION = YES;
				CLANG_WARN_OBJC_ROOT_CLASS = YES_ERROR;
				CLANG_WARN_RANGE_LOOP_ANALYSIS = YES;
				CLANG_WARN_STRICT_PROTOTYPES = YES;
				CLANG_WARN_SUSPICIOUS_MOVE = YES;
				CLANG_WARN_UNGUARDED_AVAILABILITY = YES_AGGRESSIVE;
				CLANG_WARN_UNREACHABLE_CODE = YES;
				CLANG_WARN__DUPLICATE_METHOD_MATCH = YES;
				CODE_SIGN_IDENTITY = "Mac Developer";
				COPY_PHASE_STRIP = NO;
				DEBUG_INFORMATION_FORMAT = dwarf;
				ENABLE_STRICT_OBJC_MSGSEND = YES;
				ENABLE_TESTABILITY = YES;
				GCC_C_LANGUAGE_STANDARD = gnu11;
				GCC_DYNAMIC_NO_PIC = NO;
				GCC_NO_COMMON_BLOCKS = YES;
				GCC_OPTIMIZATION_LEVEL = 0;
				GCC_PREPROCESSOR_DEFINITIONS = (
					"DEBUG=1",
					"$(inherited)",
				);
				GCC_WARN_64_TO_32_BIT_CONVERSION = YES;
				GCC_WARN_ABOUT_RETURN_TYPE = YES_ERROR;
				GCC_WARN_UNDECLARED_SELECTOR = YES;
				GCC_WARN_UNINITIALIZED_AUTOS = YES_AGGRESSIVE;
				GCC_WARN_UNUSED_FUNCTION = YES;
				GCC_WARN_UNUSED_VARIABLE = YES;
				MACOSX_DEPLOYMENT_TARGET = 10.14;
				MTL_ENABLE_DEBUG_INFO = INCLUDE_SOURCE;
				MTL_FAST_MATH = YES;
				ONLY_ACTIVE_ARCH = YES;
				SDKROOT = macosx;
			};
			name = Debug;
		};
		72B7518C22A28D6500DFD741 /* Release */ = {
			isa = XCBuildConfiguration;
			buildSettings = {
				ALWAYS_SEARCH_USER_PATHS = NO;
				CLANG_ANALYZER_NONNULL = YES;
				CLANG_ANALYZER_NUMBER_OBJECT_CONVERSION = YES_AGGRESSIVE;
				CLANG_CXX_LANGUAGE_STANDARD = "gnu++14";
				CLANG_CXX_LIBRARY = "libc++";
				CLANG_ENABLE_MODULES = YES;
				CLANG_ENABLE_OBJC_ARC = YES;
				CLANG_ENABLE_OBJC_WEAK = YES;
				CLANG_WARN_BLOCK_CAPTURE_AUTORELEASING = YES;
				CLANG_WARN_BOOL_CONVERSION = YES;
				CLANG_WARN_COMMA = YES;
				CLANG_WARN_CONSTANT_CONVERSION = YES;
				CLANG_WARN_DEPRECATED_OBJC_IMPLEMENTATIONS = YES;
				CLANG_WARN_DIRECT_OBJC_ISA_USAGE = YES_ERROR;
				CLANG_WARN_DOCUMENTATION_COMMENTS = YES;
				CLANG_WARN_EMPTY_BODY = YES;
				CLANG_WARN_ENUM_CONVERSION = YES;
				CLANG_WARN_INFINITE_RECURSION = YES;
				CLANG_WARN_INT_CONVERSION = YES;
				CLANG_WARN_NON_LITERAL_NULL_CONVERSION = YES;
				CLANG_WARN_OBJC_IMPLICIT_RETAIN_SELF = YES;
				CLANG_WARN_OBJC_LITERAL_CONVERSION = YES;
				CLANG_WARN_OBJC_ROOT_CLASS = YES_ERROR;
				CLANG_WARN_RANGE_LOOP_ANALYSIS = YES;
				CLANG_WARN_STRICT_PROTOTYPES = YES;
				CLANG_WARN_SUSPICIOUS_MOVE = YES;
				CLANG_WARN_UNGUARDED_AVAILABILITY = YES_AGGRESSIVE;
				CLANG_WARN_UNREACHABLE_CODE = YES;
				CLANG_WARN__DUPLICATE_METHOD_MATCH = YES;
				CODE_SIGN_IDENTITY = "Mac Developer";
				COPY_PHASE_STRIP = NO;
				DEBUG_INFORMATION_FORMAT = "dwarf-with-dsym";
				ENABLE_NS_ASSERTIONS = NO;
				ENABLE_STRICT_OBJC_MSGSEND = YES;
				GCC_C_LANGUAGE_STANDARD = gnu11;
				GCC_NO_COMMON_BLOCKS = YES;
				GCC_WARN_64_TO_32_BIT_CONVERSION = YES;
				GCC_WARN_ABOUT_RETURN_TYPE = YES_ERROR;
				GCC_WARN_UNDECLARED_SELECTOR = YES;
				GCC_WARN_UNINITIALIZED_AUTOS = YES_AGGRESSIVE;
				GCC_WARN_UNUSED_FUNCTION = YES;
				GCC_WARN_UNUSED_VARIABLE = YES;
				MACOSX_DEPLOYMENT_TARGET = 10.14;
				MTL_ENABLE_DEBUG_INFO = NO;
				MTL_FAST_MATH = YES;
				SDKROOT = macosx;
			};
			name = Release;
		};
		72B7518E22A28D6500DFD741 /* Debug */ = {
			isa = XCBuildConfiguration;
			buildSettings = {
				CODE_SIGN_STYLE = Automatic;
				DEVELOPMENT_TEAM = 5EAX4ZNEZZ;
				PRODUCT_NAME = "$(TARGET_NAME)";
			};
			name = Debug;
		};
		72B7518F22A28D6500DFD741 /* Release */ = {
			isa = XCBuildConfiguration;
			buildSettings = {
				CODE_SIGN_STYLE = Automatic;
				DEVELOPMENT_TEAM = 5EAX4ZNEZZ;
				PRODUCT_NAME = "$(TARGET_NAME)";
			};
			name = Release;
		};
/* End XCBuildConfiguration section */

/* Begin XCConfigurationList section */
		72B7518122A28D6500DFD741 /* Build configuration list for PBXProject "ex5-0" */ = {
			isa = XCConfigurationList;
			buildConfigurations = (
				72B7518B22A28D6500DFD741 /* Debug */,
				72B7518C22A28D6500DFD741 /* Release */,
			);
			defaultConfigurationIsVisible = 0;
			defaultConfigurationName = Release;
		};
		72B7518D22A28D6500DFD741 /* Build configuration list for PBXNativeTarget "ex5-0" */ = {
			isa = XCConfigurationList;
			buildConfigurations = (
				72B7518E22A28D6500DFD741 /* Debug */,
				72B7518F22A28D6500DFD741 /* Release */,
			);
			defaultConfigurationIsVisible = 0;
			defaultConfigurationName = Release;
		};
/* End XCConfigurationList section */
	};
	rootObject = 72B7517E22A28D6500DFD741 /* Project object */;
}
